# THIS IS AN AUTOGENERATED FILE. DO NOT EDIT THIS FILE DIRECTLY.
# yarn lockfile v1


"@babel/runtime@^7.18.3", "@babel/runtime@^7.9.1":
  "integrity" "sha512-EXpLCrk55f+cYqmHsSR+yD/0gAIMxxA9QK9lnQWzhMCvt+YmoBN7Zx94s++Kv0+unHk39vxNO8t+CMA2WSS3wA=="
  "resolved" "https://registry.npmjs.org/@babel/runtime/-/runtime-7.19.4.tgz"
  "version" "7.19.4"
  dependencies:
    "regenerator-runtime" "^0.13.4"

"@carbon/colors@^11.6.0":
  "integrity" "sha512-LE3aaQvRVR9zI2ao4+SHP8vfEaXtfffq4wXHvbPwoTK+I3Db745XuNWeWxC3Rte2uNPS9sjeEyCid2Q0wY/tSw=="
  "resolved" "https://registry.npmjs.org/@carbon/colors/-/colors-11.6.0.tgz"
  "version" "11.6.0"

"@carbon/feature-flags@^0.9.0":
  "integrity" "sha512-uNCRkxsNwLdJVNwQ5S5vrLAm4yawWzhFBwyP9EgXVmRzJH85Aim+miC+QNjRXntJDYhZYDuLABTeb3VD692ypA=="
  "resolved" "https://registry.npmjs.org/@carbon/feature-flags/-/feature-flags-0.9.0.tgz"
  "version" "0.9.0"

"@carbon/grid@^11.7.0":
  "integrity" "sha512-OCDXQNSPVOoBQN08Qn5wo2WpKRGRm/kEBo6ZTl2NoDCl21mcYJZ0IDbKPTukixJB1sUNDUlnrpwMoaznPj48dw=="
  "resolved" "https://registry.npmjs.org/@carbon/grid/-/grid-11.7.0.tgz"
  "version" "11.7.0"
  dependencies:
    "@carbon/layout" "^11.7.0"

"@carbon/icon-helpers@^10.34.0":
  "integrity" "sha512-Ov9EBc1tR/DDrMI0pN1drj2jb27ISmYFBLdDji+aivVJkLPy8R/jikJOsOBgIq2kUjQJYNN199k2acHKjZdYIg=="
  "resolved" "https://registry.npmjs.org/@carbon/icon-helpers/-/icon-helpers-10.34.0.tgz"
  "version" "10.34.0"

"@carbon/icons-react@^11.10.0":
  "integrity" "sha512-807RWTfbvVzmsDg2DJ4FjwYNbJSgkrEd1Ui8I07YheJVb3sbYGGZMG7aCS0qXVlrQOhB2hggtxSW1w9NksUXNA=="
  "resolved" "https://registry.npmjs.org/@carbon/icons-react/-/icons-react-11.10.0.tgz"
  "version" "11.10.0"
  dependencies:
    "@carbon/icon-helpers" "^10.34.0"
    "@carbon/telemetry" "0.1.0"
    "prop-types" "^15.7.2"

"@carbon/layout@^11.7.0":
  "integrity" "sha512-p4YQvW8U5Go0Tz1PZZgllGSPmoq8xBB5PHByuHiAjzwGclxPsBmY6Ea7tftINFW8VlcjDcampyT8VfZXhP2lFg=="
  "resolved" "https://registry.npmjs.org/@carbon/layout/-/layout-11.7.0.tgz"
  "version" "11.7.0"

"@carbon/motion@^11.5.0":
  "integrity" "sha512-5QEALh+xZzICdgVLanSpiDfBTErzVgEze/xUKs7ZdSbd6p1FaDKDGvCmj9RCsaz/CMVHIWo65MshIglSWX5Xvw=="
  "resolved" "https://registry.npmjs.org/@carbon/motion/-/motion-11.5.0.tgz"
  "version" "11.5.0"

"@carbon/react@^1.15.0":
  "integrity" "sha512-P8P4aKmmV2ki9oHG+Vcydw9/IzaeFzyFiDP+97J2CzX/U0MVMviieQkaXUGP1Kst826qvLqkRBuKgfsmy3w+ww=="
  "resolved" "https://registry.npmjs.org/@carbon/react/-/react-1.15.0.tgz"
  "version" "1.15.0"
  dependencies:
    "@babel/runtime" "^7.18.3"
    "@carbon/feature-flags" "^0.9.0"
    "@carbon/icons-react" "^11.10.0"
    "@carbon/layout" "^11.7.0"
    "@carbon/styles" "^1.15.0"
    "@carbon/telemetry" "0.1.0"
    "classnames" "2.3.2"
    "copy-to-clipboard" "^3.3.1"
    "downshift" "5.2.1"
    "flatpickr" "4.6.9"
    "invariant" "^2.2.3"
    "lodash.debounce" "^4.0.8"
    "lodash.findlast" "^4.5.0"
    "lodash.isequal" "^4.5.0"
    "lodash.omit" "^4.5.0"
    "lodash.throttle" "^4.1.1"
    "prop-types" "^15.7.2"
    "react-is" "^17.0.2"
    "use-resize-observer" "^6.0.0"
    "wicg-inert" "^3.1.1"
    "window-or-global" "^1.0.1"

"@carbon/styles@^1.15.0":
  "integrity" "sha512-qyNG95iMHkrz9p0GsTFneVN8nJoPv5z06TVxiFpwGjJXFvlx8ygG+QO1gBkSPFJmOjtA4ejeS38elH2wrQfOBQ=="
  "resolved" "https://registry.npmjs.org/@carbon/styles/-/styles-1.15.0.tgz"
  "version" "1.15.0"
  dependencies:
    "@carbon/colors" "^11.6.0"
    "@carbon/feature-flags" "^0.9.0"
    "@carbon/grid" "^11.7.0"
    "@carbon/layout" "^11.7.0"
    "@carbon/motion" "^11.5.0"
    "@carbon/themes" "^11.10.0"
    "@carbon/type" "^11.10.0"
    "@ibm/plex" "6.0.0-next.6"

"@carbon/telemetry@0.1.0":
  "integrity" "sha512-kNWt0bkgPwGW0i5h7HFuljbKRXPvIhsKbB+1tEURAYLXoJg9iJLF1eGvWN5iVoFCS2zje4GR3OGOsvvKVe7Hlg=="
  "resolved" "https://registry.npmjs.org/@carbon/telemetry/-/telemetry-0.1.0.tgz"
  "version" "0.1.0"

"@carbon/themes@^11.10.0":
  "integrity" "sha512-KdYurybYbI3yo1cYo74RojITfptsRoaXJW6N3FThF+0gv9YnbQlWNsMYwipZa4SwsKAe/0nw/C9yyPiY3/6FuA=="
  "resolved" "https://registry.npmjs.org/@carbon/themes/-/themes-11.10.0.tgz"
  "version" "11.10.0"
  dependencies:
    "@carbon/colors" "^11.6.0"
    "@carbon/layout" "^11.7.0"
    "@carbon/type" "^11.10.0"
    "color" "^4.0.0"

"@carbon/type@^11.10.0":
  "integrity" "sha512-LjhhJchI0Vpnmq2IkNtHy7HIW/WjiOEVXH+bDKf0Laay0EQtwxagQSI41W2+0dNtcK4zJBKjfm1uorsxmR5/Qw=="
  "resolved" "https://registry.npmjs.org/@carbon/type/-/type-11.10.0.tgz"
  "version" "11.10.0"
  dependencies:
    "@carbon/grid" "^11.7.0"
    "@carbon/layout" "^11.7.0"

"@ibm/plex@6.0.0-next.6":
  "integrity" "sha512-B3uGruTn2rS5gweynLmfSe7yCawSRsJguJJQHVQiqf4rh2RNgJFu8YLE2Zd/JHV0ZXoVMOslcXP2k3hMkxKEyA=="
  "resolved" "https://registry.npmjs.org/@ibm/plex/-/plex-6.0.0-next.6.tgz"
  "version" "6.0.0-next.6"

"ansi-regex@^2.0.0":
  "integrity" "sha512-TIGnTpdo+E3+pCyAluZvtED5p5wCqLdezCyhPZzKPcxvFplEt4i+W7OONCKgeZFT3+y5NZZfOOS/Bdcanm1MYA=="
  "resolved" "https://registry.npmjs.org/ansi-regex/-/ansi-regex-2.1.1.tgz"
  "version" "2.1.1"

"ansi-styles@^2.2.1":
  "integrity" "sha512-kmCevFghRiWM7HB5zTPULl4r9bVFSWjz62MhqizDGUrq2NWuNMQyuv4tHHoKJHs69M/MF64lEcHdYIocrdWQYA=="
  "resolved" "https://registry.npmjs.org/ansi-styles/-/ansi-styles-2.2.1.tgz"
  "version" "2.2.1"

"anymatch@~3.1.2":
  "integrity" "sha512-P43ePfOAIupkguHUycrc4qJ9kz8ZiuOUijaETwX7THt0Y/GNK7v0aa8rY816xWjZ7rJdA5XdMcpVFTKMq+RvWg=="
  "resolved" "https://registry.npmjs.org/anymatch/-/anymatch-3.1.2.tgz"
  "version" "3.1.2"
  dependencies:
    "normalize-path" "^3.0.0"
    "picomatch" "^2.0.4"

"binary-extensions@^2.0.0":
  "integrity" "sha512-jDctJ/IVQbZoJykoeHbhXpOlNBqGNcwXJKJog42E5HDPUwQTSdjCHdihjj0DlnheQ7blbT6dHOafNAiS8ooQKA=="
  "resolved" "https://registry.npmjs.org/binary-extensions/-/binary-extensions-2.2.0.tgz"
  "version" "2.2.0"

"braces@~3.0.2":
  "integrity" "sha512-b8um+L1RzM3WDSzvhm6gIz1yfTbBt6YTlcEKAvsmqCZZFw46z626lVj9j1yEPW33H5H+lBQpZMP1k8l+78Ha0A=="
  "resolved" "https://registry.npmjs.org/braces/-/braces-3.0.2.tgz"
  "version" "3.0.2"
  dependencies:
    "fill-range" "^7.0.1"

"builtins@^1.0.3":
  "integrity" "sha512-uYBjakWipfaO/bXI7E8rq6kpwHRZK5cNYrUv2OzZSI/FvmdMyXJ2tG9dKcjEC5YHmHpUAwsargWIZNWdxb/bnQ=="
  "resolved" "https://registry.npmjs.org/builtins/-/builtins-1.0.3.tgz"
  "version" "1.0.3"

"chalk@^1.1.1":
  "integrity" "sha512-U3lRVLMSlsCfjqYPbLyVv11M9CPW4I728d6TCKMAOJueEeB9/8o+eSsMnxPJD+Q+K909sdESg7C+tIkoH6on1A=="
  "resolved" "https://registry.npmjs.org/chalk/-/chalk-1.1.3.tgz"
  "version" "1.1.3"
  dependencies:
    "ansi-styles" "^2.2.1"
    "escape-string-regexp" "^1.0.2"
    "has-ansi" "^2.0.0"
    "strip-ansi" "^3.0.0"
    "supports-color" "^2.0.0"

"chokidar@>=3.0.0 <4.0.0":
  "integrity" "sha512-Dr3sfKRP6oTcjf2JmUmFJfeVMvXBdegxB0iVQ5eb2V10uFJUCAS8OByZdVAyVb8xXNz3GjjTgj9kLWsZTqE6kw=="
  "resolved" "https://registry.npmjs.org/chokidar/-/chokidar-3.5.3.tgz"
  "version" "3.5.3"
  dependencies:
    "anymatch" "~3.1.2"
    "braces" "~3.0.2"
    "glob-parent" "~5.1.2"
    "is-binary-path" "~2.1.0"
    "is-glob" "~4.0.1"
    "normalize-path" "~3.0.0"
    "readdirp" "~3.6.0"
  optionalDependencies:
    "fsevents" "~2.3.2"

"classnames@2.3.2":
  "integrity" "sha512-CSbhY4cFEJRe6/GQzIk5qXZ4Jeg5pcsP7b5peFSDpffpe1cqjASH/n9UTjBwOp6XpMSTwQ8Za2K5V02ueA7Tmw=="
  "resolved" "https://registry.npmjs.org/classnames/-/classnames-2.3.2.tgz"
  "version" "2.3.2"

"color-convert@^2.0.1":
  "integrity" "sha512-RRECPsj7iu/xb5oKYcsFHSppFNnsj/52OVTRKb4zP5onXwVF3zVmmToNcOfGC+CRDpfK/U584fMg38ZHCaElKQ=="
  "resolved" "https://registry.npmjs.org/color-convert/-/color-convert-2.0.1.tgz"
  "version" "2.0.1"
  dependencies:
    "color-name" "~1.1.4"

"color-name@^1.0.0", "color-name@~1.1.4":
  "integrity" "sha512-dOy+3AuW3a2wNbZHIuMZpTcgjGuLU/uBL/ubcZF9OXbDo8ff4O8yVp5Bf0efS8uEoYo5q4Fx7dY9OgQGXgAsQA=="
  "resolved" "https://registry.npmjs.org/color-name/-/color-name-1.1.4.tgz"
  "version" "1.1.4"

"color-string@^1.9.0":
  "integrity" "sha512-shrVawQFojnZv6xM40anx4CkoDP+fZsw/ZerEMsW/pyzsRbElpsL/DBVW7q3ExxwusdNXI3lXpuhEZkzs8p5Eg=="
  "resolved" "https://registry.npmjs.org/color-string/-/color-string-1.9.1.tgz"
  "version" "1.9.1"
  dependencies:
    "color-name" "^1.0.0"
    "simple-swizzle" "^0.2.2"

"color@^4.0.0":
  "integrity" "sha512-1rXeuUUiGGrykh+CeBdu5Ie7OJwinCgQY0bc7GCRxy5xVHy+moaqkpL/jqQq0MtQOeYcrqEz4abc5f0KtU7W4A=="
  "resolved" "https://registry.npmjs.org/color/-/color-4.2.3.tgz"
  "version" "4.2.3"
  dependencies:
    "color-convert" "^2.0.1"
    "color-string" "^1.9.0"

"commander@^2.9.0":
  "integrity" "sha512-GpVkmM8vF2vQUkj2LvZmD35JxeJOLCwJ9cUkugyk2nuhbv3+mJvpLYYt+0+USMxE+oj+ey/lJEnhZw75x/OMcQ=="
  "resolved" "https://registry.npmjs.org/commander/-/commander-2.20.3.tgz"
  "version" "2.20.3"

"compute-scroll-into-view@^1.0.13":
  "integrity" "sha512-j4dx+Fb0URmzbwwMUrhqWM2BEWHdFGx+qZ9qqASHRPqvTYdqvWnHg0H1hIbcyLnvgnoNAVMlwkepyqM3DaIFUg=="
  "resolved" "https://registry.npmjs.org/compute-scroll-into-view/-/compute-scroll-into-view-1.0.17.tgz"
  "version" "1.0.17"

"copy-to-clipboard@^3.3.1":
  "integrity" "sha512-Vme1Z6RUDzrb6xAI7EZlVZ5uvOk2F//GaxKUxajDqm9LhOVM1inxNAD2vy+UZDYsd0uyA9s7b3/FVZPSxqrCfg=="
  "resolved" "https://registry.npmjs.org/copy-to-clipboard/-/copy-to-clipboard-3.3.2.tgz"
  "version" "3.3.2"
  dependencies:
    "toggle-selection" "^1.0.6"

"create-react-app@^1.2.1":
  "integrity" "sha512-zPfPO/+z0NeVVF9rLelfpofqhpYzXhL5xfVP8o0qqncwdL3WdO6xfxiW6C9xv2My4AGvvDP7Rf0jxXpzz+TS4A=="
  "resolved" "https://registry.npmjs.org/create-react-app/-/create-react-app-1.2.1.tgz"
  "version" "1.2.1"
  dependencies:
    "chalk" "^1.1.1"
    "commander" "^2.9.0"
    "cross-spawn" "^4.0.0"
    "fs-extra" "^1.0.0"
    "semver" "^5.0.3"
    "validate-npm-package-name" "^3.0.0"

"cross-spawn@^4.0.0":
  "integrity" "sha512-yAXz/pA1tD8Gtg2S98Ekf/sewp3Lcp3YoFKJ4Hkp5h5yLWnKVTDU0kwjKJ8NDCYcfTLfyGkzTikst+jWypT1iA=="
  "resolved" "https://registry.npmjs.org/cross-spawn/-/cross-spawn-4.0.2.tgz"
  "version" "4.0.2"
  dependencies:
    "lru-cache" "^4.0.1"
    "which" "^1.2.9"

"downshift@5.2.1":
  "integrity" "sha512-uHX2OLbWthLR8QbR8NCI8OmjvvJxq8+PrA95KblFd9JyB1zVZh1HnszzsWMMCnMuH6IvsUtVfF5HY7XfijJ2dw=="
  "resolved" "https://registry.npmjs.org/downshift/-/downshift-5.2.1.tgz"
  "version" "5.2.1"
  dependencies:
    "@babel/runtime" "^7.9.1"
    "compute-scroll-into-view" "^1.0.13"
    "prop-types" "^15.7.2"
    "react-is" "^16.13.1"

"escape-string-regexp@^1.0.2":
  "integrity" "sha512-vbRorB5FUQWvla16U8R/qgaFIya2qGzwDrNmCZuYKrbdSUMG6I1ZCGQRefkRVhuOkIGVne7BQ35DSfo1qvJqFg=="
  "resolved" "https://registry.npmjs.org/escape-string-regexp/-/escape-string-regexp-1.0.5.tgz"
  "version" "1.0.5"

"fill-range@^7.0.1":
  "integrity" "sha512-qOo9F+dMUmC2Lcb4BbVvnKJxTPjCm+RRpe4gDuGrzkL7mEVl/djYSu2OdQ2Pa302N4oqkSg9ir6jaLWJ2USVpQ=="
  "resolved" "https://registry.npmjs.org/fill-range/-/fill-range-7.0.1.tgz"
  "version" "7.0.1"
  dependencies:
    "to-regex-range" "^5.0.1"

"flatpickr@4.6.9":
  "integrity" "sha512-F0azNNi8foVWKSF+8X+ZJzz8r9sE1G4hl06RyceIaLvyltKvDl6vqk9Lm/6AUUCi5HWaIjiUbk7UpeE/fOXOpw=="
  "resolved" "https://registry.npmjs.org/flatpickr/-/flatpickr-4.6.9.tgz"
  "version" "4.6.9"

"fs-extra@^1.0.0":
  "integrity" "sha512-VerQV6vEKuhDWD2HGOybV6v5I73syoc/cXAbKlgTC7M/oFVEtklWlp9QH2Ijw3IaWDOQcMkldSPa7zXy79Z/UQ=="
  "resolved" "https://registry.npmjs.org/fs-extra/-/fs-extra-1.0.0.tgz"
  "version" "1.0.0"
  dependencies:
    "graceful-fs" "^4.1.2"
    "jsonfile" "^2.1.0"
    "klaw" "^1.0.0"

"glob-parent@~5.1.2":
  "integrity" "sha512-AOIgSQCepiJYwP3ARnGx+5VnTu2HBYdzbGP45eLw1vr3zB3vZLeyed1sC9hnbcOc9/SrMyM5RPQrkGz4aS9Zow=="
  "resolved" "https://registry.npmjs.org/glob-parent/-/glob-parent-5.1.2.tgz"
  "version" "5.1.2"
  dependencies:
    "is-glob" "^4.0.1"

"graceful-fs@^4.1.2", "graceful-fs@^4.1.6", "graceful-fs@^4.1.9":
  "integrity" "sha512-9ByhssR2fPVsNZj478qUUbKfmL0+t5BDVyjShtyZZLiK7ZDAArFFfopyOTj0M05wE2tJPisA4iTnnXl2YoPvOA=="
  "resolved" "https://registry.npmjs.org/graceful-fs/-/graceful-fs-4.2.10.tgz"
  "version" "4.2.10"

"has-ansi@^2.0.0":
  "integrity" "sha512-C8vBJ8DwUCx19vhm7urhTuUsr4/IyP6l4VzNQDv+ryHQObW3TTTp9yB68WpYgRe2bbaGuZ/se74IqFeVnMnLZg=="
  "resolved" "https://registry.npmjs.org/has-ansi/-/has-ansi-2.0.0.tgz"
  "version" "2.0.0"
  dependencies:
    "ansi-regex" "^2.0.0"

"immutable@^4.0.0":
  "integrity" "sha512-oNkuqVTA8jqG1Q6c+UglTOD1xhC1BtjKI7XkCXRkZHrN5m18/XsnUp8Q89GkQO/z+0WjonSvl0FLhDYftp46nQ=="
  "resolved" "https://registry.npmjs.org/immutable/-/immutable-4.1.0.tgz"
  "version" "4.1.0"

"invariant@^2.2.3":
  "integrity" "sha512-phJfQVBuaJM5raOpJjSfkiD6BpbCE4Ns//LaXl6wGYtUBY83nWS6Rf9tXm2e8VaK60JEjYldbPif/A2B1C2gNA=="
  "resolved" "https://registry.npmjs.org/invariant/-/invariant-2.2.4.tgz"
  "version" "2.2.4"
  dependencies:
    "loose-envify" "^1.0.0"

"is-arrayish@^0.3.1":
  "integrity" "sha512-eVRqCvVlZbuw3GrM63ovNSNAeA1K16kaR/LRY/92w0zxQ5/1YzwblUX652i4Xs9RwAGjW9d9y6X88t8OaAJfWQ=="
  "resolved" "https://registry.npmjs.org/is-arrayish/-/is-arrayish-0.3.2.tgz"
  "version" "0.3.2"

"is-binary-path@~2.1.0":
  "integrity" "sha512-ZMERYes6pDydyuGidse7OsHxtbI7WVeUEozgR/g7rd0xUimYNlvZRE/K2MgZTjWy725IfelLeVcEM97mmtRGXw=="
  "resolved" "https://registry.npmjs.org/is-binary-path/-/is-binary-path-2.1.0.tgz"
  "version" "2.1.0"
  dependencies:
    "binary-extensions" "^2.0.0"

"is-extglob@^2.1.1":
  "integrity" "sha512-SbKbANkN603Vi4jEZv49LeVJMn4yGwsbzZworEoyEiutsN3nJYdbO36zfhGJ6QEDpOZIFkDtnq5JRxmvl3jsoQ=="
  "resolved" "https://registry.npmjs.org/is-extglob/-/is-extglob-2.1.1.tgz"
  "version" "2.1.1"

"is-glob@^4.0.1", "is-glob@~4.0.1":
  "integrity" "sha512-xelSayHH36ZgE7ZWhli7pW34hNbNl8Ojv5KVmkJD4hBdD3th8Tfk9vYasLM+mXWOZhFkgZfxhLSnrwRr4elSSg=="
  "resolved" "https://registry.npmjs.org/is-glob/-/is-glob-4.0.3.tgz"
  "version" "4.0.3"
  dependencies:
    "is-extglob" "^2.1.1"

"is-number@^7.0.0":
  "integrity" "sha512-41Cifkg6e8TylSpdtTpeLVMqvSBEVzTttHvERD741+pnZ8ANv0004MRL43QKPDlK9cGvNp6NZWZUBlbGXYxxng=="
  "resolved" "https://registry.npmjs.org/is-number/-/is-number-7.0.0.tgz"
  "version" "7.0.0"

"isexe@^2.0.0":
  "integrity" "sha512-RHxMLp9lnKHGHRng9QFhRCMbYAcVpn69smSGcq3f36xjgVVWThj4qqLbTLlq7Ssj8B+fIQ1EuCEGI2lKsyQeIw=="
  "resolved" "https://registry.npmjs.org/isexe/-/isexe-2.0.0.tgz"
  "version" "2.0.0"

"js-tokens@^3.0.0 || ^4.0.0":
  "integrity" "sha512-RdJUflcE3cUzKiMqQgsCu06FPu9UdIJO0beYbPhHN4k6apgJtifcoCtT9bcxOpYBtpD2kCM6Sbzg4CausW/PKQ=="
  "resolved" "https://registry.npmjs.org/js-tokens/-/js-tokens-4.0.0.tgz"
  "version" "4.0.0"

"jsonfile@^2.1.0":
  "integrity" "sha512-PKllAqbgLgxHaj8TElYymKCAgrASebJrWpTnEkOaTowt23VKXXN0sUeriJ+eh7y6ufb/CC5ap11pz71/cM0hUw=="
  "resolved" "https://registry.npmjs.org/jsonfile/-/jsonfile-2.4.0.tgz"
  "version" "2.4.0"
  optionalDependencies:
    "graceful-fs" "^4.1.6"

"klaw@^1.0.0":
  "integrity" "sha512-TED5xi9gGQjGpNnvRWknrwAB1eL5GciPfVFOt3Vk1OJCVDQbzuSfrF3hkUQKlsgKrG1F+0t5W0m+Fje1jIt8rw=="
  "resolved" "https://registry.npmjs.org/klaw/-/klaw-1.3.1.tgz"
  "version" "1.3.1"
  optionalDependencies:
    "graceful-fs" "^4.1.9"

"lodash.debounce@^4.0.8":
  "integrity" "sha512-FT1yDzDYEoYWhnSGnpE/4Kj1fLZkDFyqRb7fNt6FdYOSxlUWAtp42Eh6Wb0rGIv/m9Bgo7x4GhQbm5Ys4SG5ow=="
  "resolved" "https://registry.npmjs.org/lodash.debounce/-/lodash.debounce-4.0.8.tgz"
  "version" "4.0.8"

"lodash.findlast@^4.5.0":
  "integrity" "sha512-+OGwb1FVKjhc2aIEQ9vKqNDW1a0/HaCLr0iCIK10jfVif3dBE0nhQD0jOZNZLh7zOlmFUTrk+vt85eXoH4vKuA=="
  "resolved" "https://registry.npmjs.org/lodash.findlast/-/lodash.findlast-4.6.0.tgz"
  "version" "4.6.0"

"lodash.isequal@^4.5.0":
  "integrity" "sha512-pDo3lu8Jhfjqls6GkMgpahsF9kCyayhgykjyLMNFTKWrpVdAQtYyB4muAMWozBB4ig/dtWAmsMxLEI8wuz+DYQ=="
  "resolved" "https://registry.npmjs.org/lodash.isequal/-/lodash.isequal-4.5.0.tgz"
  "version" "4.5.0"

"lodash.omit@^4.5.0":
  "integrity" "sha512-XeqSp49hNGmlkj2EJlfrQFIzQ6lXdNro9sddtQzcJY8QaoC2GO0DT7xaIokHeyM+mIT0mPMlPvkYzg2xCuHdZg=="
  "resolved" "https://registry.npmjs.org/lodash.omit/-/lodash.omit-4.5.0.tgz"
  "version" "4.5.0"

"lodash.throttle@^4.1.1":
  "integrity" "sha512-wIkUCfVKpVsWo3JSZlc+8MB5it+2AN5W8J7YVMST30UrvcQNZ1Okbj+rbVniijTWE6FGYy4XJq/rHkas8qJMLQ=="
  "resolved" "https://registry.npmjs.org/lodash.throttle/-/lodash.throttle-4.1.1.tgz"
  "version" "4.1.1"

"loose-envify@^1.0.0", "loose-envify@^1.1.0", "loose-envify@^1.4.0":
  "integrity" "sha512-lyuxPGr/Wfhrlem2CL/UcnUc1zcqKAImBDzukY7Y5F/yQiNdko6+fRLevlw1HgMySw7f611UIY408EtxRSoK3Q=="
  "resolved" "https://registry.npmjs.org/loose-envify/-/loose-envify-1.4.0.tgz"
  "version" "1.4.0"
  dependencies:
    "js-tokens" "^3.0.0 || ^4.0.0"

"lru-cache@^4.0.1":
  "integrity" "sha512-sWZlbEP2OsHNkXrMl5GYk/jKk70MBng6UU4YI/qGDYbgf6YbP4EvmqISbXCoJiRKs+1bSpFHVgQxvJ17F2li5g=="
  "resolved" "https://registry.npmjs.org/lru-cache/-/lru-cache-4.1.5.tgz"
  "version" "4.1.5"
  dependencies:
    "pseudomap" "^1.0.2"
    "yallist" "^2.1.2"

"normalize-path@^3.0.0", "normalize-path@~3.0.0":
  "integrity" "sha512-6eZs5Ls3WtCisHWp9S2GUy8dqkpGi4BVSz3GaqiE6ezub0512ESztXUwUB6C6IKbQkY2Pnb/mD4WYojCRwcwLA=="
  "resolved" "https://registry.npmjs.org/normalize-path/-/normalize-path-3.0.0.tgz"
  "version" "3.0.0"

"object-assign@^4.1.1":
  "integrity" "sha512-rJgTQnkUnH1sFw8yT6VSU3zD3sWmu6sZhIseY8VX+GRu3P6F7Fu+JNDoXfklElbLJSnc3FUQHVe4cU5hj+BcUg=="
  "resolved" "https://registry.npmjs.org/object-assign/-/object-assign-4.1.1.tgz"
  "version" "4.1.1"

"picomatch@^2.0.4", "picomatch@^2.2.1":
  "integrity" "sha512-JU3teHTNjmE2VCGFzuY8EXzCDVwEqB2a8fsIvwaStHhAWJEeVd1o1QD80CU6+ZdEXXSLbSsuLwJjkCBWqRQUVA=="
  "resolved" "https://registry.npmjs.org/picomatch/-/picomatch-2.3.1.tgz"
  "version" "2.3.1"

"prop-types@^15.7.2":
  "integrity" "sha512-oj87CgZICdulUohogVAR7AjlC0327U4el4L6eAvOqCeudMDVU0NThNaV+b9Df4dXgSP1gXMTnPdhfe/2qDH5cg=="
  "resolved" "https://registry.npmjs.org/prop-types/-/prop-types-15.8.1.tgz"
  "version" "15.8.1"
  dependencies:
    "loose-envify" "^1.4.0"
    "object-assign" "^4.1.1"
    "react-is" "^16.13.1"

"pseudomap@^1.0.2":
  "integrity" "sha512-b/YwNhb8lk1Zz2+bXXpS/LK9OisiZZ1SNsSLxN1x2OXVEhW2Ckr/7mWE5vrC1ZTiJlD9g19jWszTmJsB+oEpFQ=="
  "resolved" "https://registry.npmjs.org/pseudomap/-/pseudomap-1.0.2.tgz"
  "version" "1.0.2"

"react-dom@^16.8.6 || ^17.0.1", "react-dom@>=16.8.0":
  "integrity" "sha512-s4h96KtLDUQlsENhMn1ar8t2bEa+q/YAtj8pPPdIjPDGBDIVNsrD9aXNWqspUe6AzKCIG0C1HZZLqLV7qpOBGA=="
  "resolved" "https://registry.npmjs.org/react-dom/-/react-dom-17.0.2.tgz"
  "version" "17.0.2"
  dependencies:
    "loose-envify" "^1.1.0"
    "object-assign" "^4.1.1"
    "scheduler" "^0.20.2"

"react-is@^16.13.1":
  "integrity" "sha512-24e6ynE2H+OKt4kqsOvNd8kBpV65zoxbA4BVsEOB3ARVWQki/DHzaUoC5KuON/BiccDaCCTZBuOcfZs70kR8bQ=="
  "resolved" "https://registry.npmjs.org/react-is/-/react-is-16.13.1.tgz"
  "version" "16.13.1"

"react-is@^17.0.2":
  "integrity" "sha512-w2GsyukL62IJnlaff/nRegPQR94C/XXamvMWmSHRJ4y7Ts/4ocGRmTHvOs8PSE6pB3dWOrD/nueuU5sduBsQ4w=="
  "resolved" "https://registry.npmjs.org/react-is/-/react-is-17.0.2.tgz"
  "version" "17.0.2"

"react@^16.8.6 || ^17.0.1", "react@>=0.14.9", "react@>=16", "react@>=16.8.0", "react@17.0.2":
  "integrity" "sha512-gnhPt75i/dq/z3/6q/0asP78D0u592D5L1pd7M8P+dck6Fu/jJeL6iVVK23fptSUZj8Vjf++7wXA8UNclGQcbA=="
  "resolved" "https://registry.npmjs.org/react/-/react-17.0.2.tgz"
  "version" "17.0.2"
  dependencies:
    "loose-envify" "^1.1.0"
    "object-assign" "^4.1.1"

"readdirp@~3.6.0":
  "integrity" "sha512-hOS089on8RduqdbhvQ5Z37A0ESjsqz6qnRcffsMU3495FuTdqSm+7bhJ29JvIOsBDEEnan5DPu9t3To9VRlMzA=="
  "resolved" "https://registry.npmjs.org/readdirp/-/readdirp-3.6.0.tgz"
  "version" "3.6.0"
  dependencies:
    "picomatch" "^2.2.1"

"regenerator-runtime@^0.13.4":
  "integrity" "sha512-KepLsg4dU12hryUO7bp/axHAKvwGOCV0sGloQtpagJ12ai+ojVDqkeGSiRX1zlq+kjIMZ1t7gpze+26QqtdGqw=="
  "resolved" "https://registry.npmjs.org/regenerator-runtime/-/regenerator-runtime-0.13.10.tgz"
  "version" "0.13.10"

"resize-observer-polyfill@^1.5.1":
  "integrity" "sha512-LwZrotdHOo12nQuZlHEmtuXdqGoOD0OhaxopaNFxWzInpEgaLWoVuAMbTzixuosCx2nEG58ngzW3vxdWoxIgdg=="
  "resolved" "https://registry.npmjs.org/resize-observer-polyfill/-/resize-observer-polyfill-1.5.1.tgz"
  "version" "1.5.1"

"sass@^1.33.0", "sass@^1.55.0":
  "integrity" "sha512-Pk+PMy7OGLs9WaxZGJMn7S96dvlyVBwwtToX895WmCpAOr5YiJYEUJfiJidMuKb613z2xNWcXCHEuOvjZbqC6A=="
  "resolved" "https://registry.npmjs.org/sass/-/sass-1.55.0.tgz"
  "version" "1.55.0"
  dependencies:
    "chokidar" ">=3.0.0 <4.0.0"
    "immutable" "^4.0.0"
    "source-map-js" ">=0.6.2 <2.0.0"

"scheduler@^0.20.2":
  "integrity" "sha512-2eWfGgAqqWFGqtdMmcL5zCMK1U8KlXv8SQFGglL3CEtd0aDVDWgeF/YoCmvln55m5zSk3J/20hTaSBeSObsQDQ=="
  "resolved" "https://registry.npmjs.org/scheduler/-/scheduler-0.20.2.tgz"
  "version" "0.20.2"
  dependencies:
    "loose-envify" "^1.1.0"
    "object-assign" "^4.1.1"

"semver@^5.0.3":
  "integrity" "sha512-sauaDf/PZdVgrLTNYHRtpXa1iRiKcaebiKQ1BJdpQlWH2lCvexQdX55snPFyK7QzpudqbCI0qXFfOasHdyNDGQ=="
  "resolved" "https://registry.npmjs.org/semver/-/semver-5.7.1.tgz"
  "version" "5.7.1"

"simple-swizzle@^0.2.2":
  "integrity" "sha512-JA//kQgZtbuY83m+xT+tXJkmJncGMTFT+C+g2h2R9uxkYIrE2yy9sgmcLhCnw57/WSD+Eh3J97FPEDFnbXnDUg=="
  "resolved" "https://registry.npmjs.org/simple-swizzle/-/simple-swizzle-0.2.2.tgz"
  "version" "0.2.2"
  dependencies:
    "is-arrayish" "^0.3.1"

"source-map-js@>=0.6.2 <2.0.0":
  "integrity" "sha512-R0XvVJ9WusLiqTCEiGCmICCMplcCkIwwR11mOSD9CR5u+IXYdiseeEuXCVAjS54zqwkLcPNnmU4OeJ6tUrWhDw=="
  "resolved" "https://registry.npmjs.org/source-map-js/-/source-map-js-1.0.2.tgz"
  "version" "1.0.2"

"strip-ansi@^3.0.0":
  "integrity" "sha512-VhumSSbBqDTP8p2ZLKj40UjBCV4+v8bUSEpUb4KjRgWk9pbqGF4REFj6KEagidb2f/M6AzC0EmFyDNGaw9OCzg=="
  "resolved" "https://registry.npmjs.org/strip-ansi/-/strip-ansi-3.0.1.tgz"
  "version" "3.0.1"
  dependencies:
    "ansi-regex" "^2.0.0"

"supports-color@^2.0.0":
  "integrity" "sha512-KKNVtd6pCYgPIKU4cp2733HWYCpplQhddZLBUryaAHou723x+FRzQ5Df824Fj+IyyuiQTRoub4SnIFfIcrp70g=="
  "resolved" "https://registry.npmjs.org/supports-color/-/supports-color-2.0.0.tgz"
  "version" "2.0.0"

"to-regex-range@^5.0.1":
  "integrity" "sha512-65P7iz6X5yEr1cwcgvQxbbIw7Uk3gOy5dIdtZ4rDveLqhrdJP+Li/Hx6tyK0NEb+2GCyneCMJiGqrADCSNk8sQ=="
  "resolved" "https://registry.npmjs.org/to-regex-range/-/to-regex-range-5.0.1.tgz"
  "version" "5.0.1"
  dependencies:
    "is-number" "^7.0.0"

"toggle-selection@^1.0.6":
  "integrity" "sha512-BiZS+C1OS8g/q2RRbJmy59xpyghNBqrr6k5L/uKBGRsTfxmu3ffiRnd8mlGPUVayg8pvfi5urfnu8TU7DVOkLQ=="
  "resolved" "https://registry.npmjs.org/toggle-selection/-/toggle-selection-1.0.6.tgz"
  "version" "1.0.6"

"use-resize-observer@^6.0.0":
  "integrity" "sha512-SiPcWHiIQ1CnHmb6PxbYtygqiZXR0U9dNkkbpX9VYnlstUwF8+QqpUTrzh13pjPwcjMVGR+QIC+nvF5ujfFNng=="
  "resolved" "https://registry.npmjs.org/use-resize-observer/-/use-resize-observer-6.1.0.tgz"
  "version" "6.1.0"
  dependencies:
    "resize-observer-polyfill" "^1.5.1"

"validate-npm-package-name@^3.0.0":
  "integrity" "sha512-M6w37eVCMMouJ9V/sdPGnC5H4uDr73/+xdq0FBLO3TFFX1+7wiUY6Es328NN+y43tmY+doUdN9g9J21vqB7iLw=="
  "resolved" "https://registry.npmjs.org/validate-npm-package-name/-/validate-npm-package-name-3.0.0.tgz"
  "version" "3.0.0"
  dependencies:
    "builtins" "^1.0.3"

"which@^1.2.9":
  "integrity" "sha512-HxJdYWq1MTIQbJ3nw0cqssHoTNU267KlrDuGZ1WYlxDStUtKUhOaJmh112/TZmHxxUfuJqPXSOm7tDyas0OSIQ=="
  "resolved" "https://registry.npmjs.org/which/-/which-1.3.1.tgz"
  "version" "1.3.1"
  dependencies:
    "isexe" "^2.0.0"

"wicg-inert@^3.1.1":
  "integrity" "sha512-Ba9tGNYxXwaqKEi9sJJvPMKuo063umUPsHN0JJsjrs2j8KDSzkWLMZGZ+MH1Jf1Fq4OWZ5HsESJID6nRza2ang=="
  "resolved" "https://registry.npmjs.org/wicg-inert/-/wicg-inert-3.1.2.tgz"
  "version" "3.1.2"

"window-or-global@^1.0.1":
  "integrity" "sha512-tE12J/NenOv4xdVobD+AD3fT06T4KNqnzRhkv5nBIu7K+pvOH2oLCEgYP+i+5mF2jtI6FEADheOdZkA8YWET9w=="
  "resolved" "https://registry.npmjs.org/window-or-global/-/window-or-global-1.0.1.tgz"
  "version" "1.0.1"

"yallist@^2.1.2":
  "integrity" "sha512-ncTzHV7NvsQZkYe1DW7cbDLm0YpzHmZF5r/iyP3ZnQtMiJ+pjzisCiMNI+Sj+xQF5pXhSHxSB3uDbsBTzY/c2A=="
  "resolved" "https://registry.npmjs.org/yallist/-/yallist-2.1.2.tgz"
  "version" "2.1.2"
